{
  "version": 4,
  "terraform_version": "1.14.9",
  "serial": 26,
  "lineage": "3cb2d63f-31b7-5b92-0380-60a6501cd91e",
  "outputs": {
    "container_hostname": {
      "value": "gh-runner",
      "type": "string"
    },
    "container_id": {
      "value": 110,
      "type": "number"
    },
    "network_ip": {
      "value": "192.168.2.101/24",
      "type": "string"
    },
    "runner_ip": {
      "value": "192.168.2.101",
      "type": "string"
    },
    "runner_labels": {
      "value": [
        "self-hosted",
        "linux",
        "proxmox",
        "ubuntu-24.04"
      ],
      "type": [
        "list",
        "string"
      ]
    },
    "runner_name": {
      "value": "proxmox-lxc-runner",
      "type": "string"
    },
    "ssh_connection": {
      "value": "ssh root@192.168.2.101",
      "type": "string"
    }
  },
  "resources": [
    {
      "mode": "managed",
      "type": "proxmox_virtual_environment_container",
      "name": "lxc",
      "provider": "provider[\"registry.terraform.io/bpg/proxmox\"]",
      "instances": [
        {
          "status": "tainted",
          "schema_version": 0,
          "attributes": {
            "clone": [],
            "console": [],
            "cpu": [
              {
                "architecture": "amd64",
                "cores": 2,
                "limit": 0,
                "units": 0
              }
            ],
            "description": "GitHub Actions self-hosted runner\n",
            "device_passthrough": [],
            "disk": [
              {
                "acl": false,
                "datastore_id": "local-lvm",
                "mount_options": null,
                "path_in_datastore": "",
                "quota": false,
                "replicate": false,
                "size": 20
              }
            ],
            "environment_variables": null,
            "features": [
              {
                "fuse": false,
                "keyctl": false,
                "mount": null,
                "nesting": true
              }
            ],
            "hook_script_file_id": null,
            "id": "110",
            "idmap": [],
            "initialization": [
              {
                "dns": [],
                "entrypoint": "",
                "hostname": "gh-runner",
                "ip_config": [
                  {
                    "ipv4": [
                      {
                        "address": "192.168.2.101/24",
                        "gateway": "192.168.2.1"
                      }
                    ],
                    "ipv6": []
                  }
                ],
                "user_account": [
                  {
                    "keys": [
                      "ssh-ed25519 AAAAC3NzaC1lZDI1NTE5AAAAIPv/mGCYJ3q949/gsm90nbMs9Cq7FOhVGmWfmf5MDwbT rag"
                    ],
                    "password": "Asdf,mnb1234"
                  }
                ]
              }
            ],
            "ipv4": null,
            "ipv6": null,
            "memory": [
              {
                "dedicated": 2048,
                "swap": 1024
              }
            ],
            "mount_point": [],
            "network_interface": [
              {
                "bridge": "vmbr0",
                "enabled": true,
                "firewall": false,
                "host_managed": false,
                "mac_address": "",
                "mtu": 0,
                "name": "eth0",
                "rate_limit": 0,
                "vlan_id": 0
              }
            ],
            "node_name": "bthek1",
            "operating_system": [
              {
                "template_file_id": "local:vztmpl/ubuntu-24.04-standard_24.04-2_amd64.tar.zst",
                "type": "ubuntu"
              }
            ],
            "pool_id": null,
            "protection": false,
            "start_on_boot": true,
            "started": true,
            "startup": [],
            "tags": [
              "terraform",
              "lxc",
              "github-runner"
            ],
            "template": false,
            "timeout_clone": 1800,
            "timeout_create": 1800,
            "timeout_delete": 60,
            "timeout_start": 300,
            "timeout_update": 1800,
            "unprivileged": true,
            "vm_id": 110,
            "wait_for_ip": []
          },
          "sensitive_attributes": [
            [
              {
                "type": "get_attr",
                "value": "initialization"
              },
              {
                "type": "index",
                "value": {
                  "value": 0,
                  "type": "number"
                }
              },
              {
                "type": "get_attr",
                "value": "user_account"
              },
              {
                "type": "index",
                "value": {
                  "value": 0,
                  "type": "number"
                }
              },
              {
                "type": "get_attr",
                "value": "password"
              }
            ]
          ],
          "identity_schema_version": 0,
          "private": "bnVsbA=="
        }
      ]
    }
  ],
  "check_results": null
}
